
Microsoft Visual Studio Solution File, Format Version 12.00
# Visual Studio Version 16
VisualStudioVersion = 16.0.30611.23
MinimumVisualStudioVersion = 10.0.40219.1
Project("{FAE04EC0-301F-11D3-BF4B-00C04F79EFBC}") = "WindowsFormsApp1", "WindowsFormsApp1\WindowsFormsApp1.csproj", "{8FF1857B-27A6-4A5B-A78F-D49CB4DEB444}"
EndProject
Global
	GlobalSection(SolutionConfigurationPlatforms) = preSolution
		Debug|Any CPU = Debug|Any CPU
		Release|Any CPU = Release|Any CPU
	EndGlobalSection
	GlobalSection(ProjectConfigurationPlatforms) = postSolution
		{8FF1857B-27A6-4A5B-A78F-D49CB4DEB444}.Debug|Any CPU.ActiveCfg = Debug|Any CPU
		{8FF1857B-27A6-4A5B-A78F-D49CB4DEB444}.Debug|Any CPU.Build.0 = Debug|Any CPU
		{8FF1857B-27A6-4A5B-A78F-D49CB4DEB444}.Release|Any CPU.ActiveCfg = Release|Any CPU
		{8FF1857B-27A6-4A5B-A78F-D49CB4DEB444}.Release|Any CPU.Build.0 = Release|Any CPU
	EndGlobalSection
	GlobalSection(SolutionProperties) = preSolution
		HideSolutionNode = FALSE
	EndGlobalSection
	GlobalSection(ExtensibilityGlobals) = postSolution
		SolutionGuid = {F6286C10-0310-44C8-9F89-169E4019AA6A}
	EndGlobalSection
EndGlobal
